
Microsoft Visual Studio Solution File, Format Version 12.00
# Visual Studio Version 17
VisualStudioVersion = 17.0.32014.148
MinimumVisualStudioVersion = 10.0.40219.1
Project("{9092AA53-FB77-4645-B42D-1CCCA6BD08BD}") = "IniciativasSocialesApi", "IniciativasSocialesApi.njsproj", "{30B5FAED-7065-48E8-873C-A7CDF9B81619}"
EndProject
Global
	GlobalSection(SolutionConfigurationPlatforms) = preSolution
		Debug|Any CPU = Debug|Any CPU
		Release|Any CPU = Release|Any CPU
	EndGlobalSection
	GlobalSection(ProjectConfigurationPlatforms) = postSolution
		{30B5FAED-7065-48E8-873C-A7CDF9B81619}.Debug|Any CPU.ActiveCfg = Debug|Any CPU
		{30B5FAED-7065-48E8-873C-A7CDF9B81619}.Debug|Any CPU.Build.0 = Debug|Any CPU
		{30B5FAED-7065-48E8-873C-A7CDF9B81619}.Release|Any CPU.ActiveCfg = Release|Any CPU
		{30B5FAED-7065-48E8-873C-A7CDF9B81619}.Release|Any CPU.Build.0 = Release|Any CPU
	EndGlobalSection
	GlobalSection(SolutionProperties) = preSolution
		HideSolutionNode = FALSE
	EndGlobalSection
	GlobalSection(ExtensibilityGlobals) = postSolution
		SolutionGuid = {D57EF420-E4E1-4F7A-A0AB-469437109A82}
	EndGlobalSection
EndGlobal
